{
  "name": "msh-fixture-npm-clean",
  "version": "0.0.0",
  "lockfileVersion": 3,
  "requires": true,
  "packages": {
    "": {
      "name": "msh-fixture-npm-clean",
      "version": "0.0.0",
      "dependencies": {
        "@tanstack/react-router": "1.169.9"
      }
    },
    "node_modules/@tanstack/react-router": {
      "version": "1.169.9",
      "resolved": "https://registry.npmjs.org/@tanstack/react-router/-/react-router-1.169.9.tgz",
      "integrity": "sha512-FIXTURE-PLACEHOLDER"
    }
  }
}
