# This file is generated by running "yarn install" inside your project.
# Manual changes might be lost - proceed with caution!

__metadata:
  version: 6
  cacheKey: 10c0

"@tanstack/react-router@npm:1.169.5":
  version: 1.169.5
  resolution: "@tanstack/react-router@npm:1.169.5"
  checksum: FIXTURE-PLACEHOLDER
  languageName: node
  linkType: hard

"@tanstack/router-core@npm:1.169.8":
  version: 1.169.8
  resolution: "@tanstack/router-core@npm:1.169.8"
  checksum: FIXTURE-PLACEHOLDER
  languageName: node
  linkType: hard
