# THIS IS AN AUTOGENERATED FILE. DO NOT EDIT THIS FILE DIRECTLY.
# yarn lockfile v1


"@tanstack/react-router@1.169.5":
  version "1.169.5"
  resolved "https://registry.yarnpkg.com/@tanstack/react-router/-/react-router-1.169.5.tgz"
  integrity sha512-FIXTURE-PLACEHOLDER

"@tanstack/router-core@1.169.8":
  version "1.169.8"
  resolved "https://registry.yarnpkg.com/@tanstack/router-core/-/router-core-1.169.8.tgz"
  integrity sha512-FIXTURE-PLACEHOLDER
